
Microsoft Visual Studio Solution File, Format Version 12.00
# Visual Studio Version 16
VisualStudioVersion = 16.0.29209.62
MinimumVisualStudioVersion = 10.0.40219.1
Project("{FAE04EC0-301F-11D3-BF4B-00C04F79EFBC}") = "CorePortfolio01-PYen", "CorePortfolio01-PYen\CorePortfolio01-PYen.csproj", "{9F29C722-4344-4012-851C-0022EFF86174}"
EndProject
Global
	GlobalSection(SolutionConfigurationPlatforms) = preSolution
		Debug|Any CPU = Debug|Any CPU
		Release|Any CPU = Release|Any CPU
	EndGlobalSection
	GlobalSection(ProjectConfigurationPlatforms) = postSolution
		{9F29C722-4344-4012-851C-0022EFF86174}.Debug|Any CPU.ActiveCfg = Debug|Any CPU
		{9F29C722-4344-4012-851C-0022EFF86174}.Debug|Any CPU.Build.0 = Debug|Any CPU
		{9F29C722-4344-4012-851C-0022EFF86174}.Release|Any CPU.ActiveCfg = Release|Any CPU
		{9F29C722-4344-4012-851C-0022EFF86174}.Release|Any CPU.Build.0 = Release|Any CPU
	EndGlobalSection
	GlobalSection(SolutionProperties) = preSolution
		HideSolutionNode = FALSE
	EndGlobalSection
	GlobalSection(ExtensibilityGlobals) = postSolution
		SolutionGuid = {A5CB7C37-929E-4765-B5D5-B50BDC08287E}
	EndGlobalSection
EndGlobal
