
Microsoft Visual Studio Solution File, Format Version 12.00
# Visual Studio Version 16
VisualStudioVersion = 16.0.29209.62
MinimumVisualStudioVersion = 10.0.40219.1
Project("{FAE04EC0-301F-11D3-BF4B-00C04F79EFBC}") = "FileIO", "FileIO\FileIO.csproj", "{E54CC2A9-7620-490D-9A4C-CF8A6E25FA6A}"
EndProject
Project("{FAE04EC0-301F-11D3-BF4B-00C04F79EFBC}") = "TwoColumnFile", "TwoColumnFile\TwoColumnFile.csproj", "{9BDAE47B-BA56-4E07-81C0-F8BBEC44B54B}"
EndProject
Global
	GlobalSection(SolutionConfigurationPlatforms) = preSolution
		Debug|Any CPU = Debug|Any CPU
		Release|Any CPU = Release|Any CPU
	EndGlobalSection
	GlobalSection(ProjectConfigurationPlatforms) = postSolution
		{E54CC2A9-7620-490D-9A4C-CF8A6E25FA6A}.Debug|Any CPU.ActiveCfg = Debug|Any CPU
		{E54CC2A9-7620-490D-9A4C-CF8A6E25FA6A}.Debug|Any CPU.Build.0 = Debug|Any CPU
		{E54CC2A9-7620-490D-9A4C-CF8A6E25FA6A}.Release|Any CPU.ActiveCfg = Release|Any CPU
		{E54CC2A9-7620-490D-9A4C-CF8A6E25FA6A}.Release|Any CPU.Build.0 = Release|Any CPU
		{9BDAE47B-BA56-4E07-81C0-F8BBEC44B54B}.Debug|Any CPU.ActiveCfg = Debug|Any CPU
		{9BDAE47B-BA56-4E07-81C0-F8BBEC44B54B}.Debug|Any CPU.Build.0 = Debug|Any CPU
		{9BDAE47B-BA56-4E07-81C0-F8BBEC44B54B}.Release|Any CPU.ActiveCfg = Release|Any CPU
		{9BDAE47B-BA56-4E07-81C0-F8BBEC44B54B}.Release|Any CPU.Build.0 = Release|Any CPU
	EndGlobalSection
	GlobalSection(SolutionProperties) = preSolution
		HideSolutionNode = FALSE
	EndGlobalSection
	GlobalSection(ExtensibilityGlobals) = postSolution
		SolutionGuid = {5E20C2DB-CC05-40DC-B1B8-7F2B0A5D5A47}
	EndGlobalSection
EndGlobal
