
Microsoft Visual Studio Solution File, Format Version 12.00
# Visual Studio Version 16
VisualStudioVersion = 16.0.29209.62
MinimumVisualStudioVersion = 10.0.40219.1
Project("{FAE04EC0-301F-11D3-BF4B-00C04F79EFBC}") = "head-tail-loop", "head-tail-loop\head-tail-loop.csproj", "{48991A6B-3286-490C-8541-F112A4ADD4E2}"
EndProject
Global
	GlobalSection(SolutionConfigurationPlatforms) = preSolution
		Debug|Any CPU = Debug|Any CPU
		Release|Any CPU = Release|Any CPU
	EndGlobalSection
	GlobalSection(ProjectConfigurationPlatforms) = postSolution
		{48991A6B-3286-490C-8541-F112A4ADD4E2}.Debug|Any CPU.ActiveCfg = Debug|Any CPU
		{48991A6B-3286-490C-8541-F112A4ADD4E2}.Debug|Any CPU.Build.0 = Debug|Any CPU
		{48991A6B-3286-490C-8541-F112A4ADD4E2}.Release|Any CPU.ActiveCfg = Release|Any CPU
		{48991A6B-3286-490C-8541-F112A4ADD4E2}.Release|Any CPU.Build.0 = Release|Any CPU
	EndGlobalSection
	GlobalSection(SolutionProperties) = preSolution
		HideSolutionNode = FALSE
	EndGlobalSection
	GlobalSection(ExtensibilityGlobals) = postSolution
		SolutionGuid = {FAC356B9-7C9B-4765-9E5C-FA803050C924}
	EndGlobalSection
EndGlobal
