
Microsoft Visual Studio Solution File, Format Version 12.00
# Visual Studio Version 16
VisualStudioVersion = 16.0.29521.150
MinimumVisualStudioVersion = 10.0.40219.1
Project("{FAE04EC0-301F-11D3-BF4B-00C04F79EFBC}") = "mi-km", "mi-km\mi-km.csproj", "{77F08CBD-D34A-4124-A983-D0351D1CC5A4}"
EndProject
Project("{FAE04EC0-301F-11D3-BF4B-00C04F79EFBC}") = "mean-average-of-3-real-numbers", "mean-average-of-3-real-numbers\mean-average-of-3-real-numbers.csproj", "{2A2E6032-E74D-47E2-8D89-5260CDA403C6}"
EndProject
Project("{FAE04EC0-301F-11D3-BF4B-00C04F79EFBC}") = "Pythagorean Theoram", "Pythagorean Theoram\Pythagorean Theoram.csproj", "{493FC8FA-37EE-4570-ADD6-4B61C15A0028}"
EndProject
Project("{FAE04EC0-301F-11D3-BF4B-00C04F79EFBC}") = "pythagoream-theorem", "pythagoream-theorem\pythagoream-theorem.csproj", "{4EC6E6B9-86F9-4FF7-90E6-111F2B053AD8}"
EndProject
Project("{FAE04EC0-301F-11D3-BF4B-00C04F79EFBC}") = "Decision-exercise-01", "Decision-exercise-01\Decision-exercise-01.csproj", "{2E7D9ED3-2634-4E76-8E33-001B404721F2}"
EndProject
Project("{FAE04EC0-301F-11D3-BF4B-00C04F79EFBC}") = "Decision-exercise-02", "Decision-exercise-02\Decision-exercise-02.csproj", "{7CF80CF3-D077-4CDA-94D7-1A48C6B55859}"
EndProject
Global
	GlobalSection(SolutionConfigurationPlatforms) = preSolution
		Debug|Any CPU = Debug|Any CPU
		Release|Any CPU = Release|Any CPU
	EndGlobalSection
	GlobalSection(ProjectConfigurationPlatforms) = postSolution
		{77F08CBD-D34A-4124-A983-D0351D1CC5A4}.Debug|Any CPU.ActiveCfg = Debug|Any CPU
		{77F08CBD-D34A-4124-A983-D0351D1CC5A4}.Debug|Any CPU.Build.0 = Debug|Any CPU
		{77F08CBD-D34A-4124-A983-D0351D1CC5A4}.Release|Any CPU.ActiveCfg = Release|Any CPU
		{77F08CBD-D34A-4124-A983-D0351D1CC5A4}.Release|Any CPU.Build.0 = Release|Any CPU
		{2A2E6032-E74D-47E2-8D89-5260CDA403C6}.Debug|Any CPU.ActiveCfg = Debug|Any CPU
		{2A2E6032-E74D-47E2-8D89-5260CDA403C6}.Debug|Any CPU.Build.0 = Debug|Any CPU
		{2A2E6032-E74D-47E2-8D89-5260CDA403C6}.Release|Any CPU.ActiveCfg = Release|Any CPU
		{2A2E6032-E74D-47E2-8D89-5260CDA403C6}.Release|Any CPU.Build.0 = Release|Any CPU
		{493FC8FA-37EE-4570-ADD6-4B61C15A0028}.Debug|Any CPU.ActiveCfg = Debug|Any CPU
		{493FC8FA-37EE-4570-ADD6-4B61C15A0028}.Debug|Any CPU.Build.0 = Debug|Any CPU
		{493FC8FA-37EE-4570-ADD6-4B61C15A0028}.Release|Any CPU.ActiveCfg = Release|Any CPU
		{493FC8FA-37EE-4570-ADD6-4B61C15A0028}.Release|Any CPU.Build.0 = Release|Any CPU
		{4EC6E6B9-86F9-4FF7-90E6-111F2B053AD8}.Debug|Any CPU.ActiveCfg = Debug|Any CPU
		{4EC6E6B9-86F9-4FF7-90E6-111F2B053AD8}.Debug|Any CPU.Build.0 = Debug|Any CPU
		{4EC6E6B9-86F9-4FF7-90E6-111F2B053AD8}.Release|Any CPU.ActiveCfg = Release|Any CPU
		{4EC6E6B9-86F9-4FF7-90E6-111F2B053AD8}.Release|Any CPU.Build.0 = Release|Any CPU
		{2E7D9ED3-2634-4E76-8E33-001B404721F2}.Debug|Any CPU.ActiveCfg = Debug|Any CPU
		{2E7D9ED3-2634-4E76-8E33-001B404721F2}.Debug|Any CPU.Build.0 = Debug|Any CPU
		{2E7D9ED3-2634-4E76-8E33-001B404721F2}.Release|Any CPU.ActiveCfg = Release|Any CPU
		{2E7D9ED3-2634-4E76-8E33-001B404721F2}.Release|Any CPU.Build.0 = Release|Any CPU
		{7CF80CF3-D077-4CDA-94D7-1A48C6B55859}.Debug|Any CPU.ActiveCfg = Debug|Any CPU
		{7CF80CF3-D077-4CDA-94D7-1A48C6B55859}.Debug|Any CPU.Build.0 = Debug|Any CPU
		{7CF80CF3-D077-4CDA-94D7-1A48C6B55859}.Release|Any CPU.ActiveCfg = Release|Any CPU
		{7CF80CF3-D077-4CDA-94D7-1A48C6B55859}.Release|Any CPU.Build.0 = Release|Any CPU
	EndGlobalSection
	GlobalSection(SolutionProperties) = preSolution
		HideSolutionNode = FALSE
	EndGlobalSection
	GlobalSection(ExtensibilityGlobals) = postSolution
		SolutionGuid = {F8A40601-DBDF-4C1F-8BE9-0C069FB669F0}
	EndGlobalSection
EndGlobal
